// !$*UTF8*$!
{
	archiveVersion = 1;
	classes = {
	};
	objectVersion = 50;
	objects = {

/* Begin PBXBuildFile section */
		C90CBF1124E52F2600F8B705 /* AppDelegate.m in Sources */ = {isa = PBXBuildFile; fileRef = C90CBF1024E52F2600F8B705 /* AppDelegate.m */; };
		C90CBF1424E52F2600F8B705 /* SceneDelegate.m in Sources */ = {isa = PBXBuildFile; fileRef = C90CBF1324E52F2600F8B705 /* SceneDelegate.m */; };
		C90CBF1724E52F2600F8B705 /* ViewController.m in Sources */ = {isa = PBXBuildFile; fileRef = C90CBF1624E52F2600F8B705 /* ViewController.m */; };
		C90CBF1A24E52F2600F8B705 /* Main.storyboard in Resources */ = {isa = PBXBuildFile; fileRef = C90CBF1824E52F2600F8B705 /* Main.storyboard */; };
		C90CBF1C24E52F2B00F8B705 /* Assets.xcassets in Resources */ = {isa = PBXBuildFile; fileRef = C90CBF1B24E52F2B00F8B705 /* Assets.xcassets */; };
		C90CBF1F24E52F2B00F8B705 /* LaunchScreen.storyboard in Resources */ = {isa = PBXBuildFile; fileRef = C90CBF1D24E52F2B00F8B705 /* LaunchScreen.storyboard */; };
		C90CBF2224E52F2B00F8B705 /* main.m in Sources */ = {isa = PBXBuildFile; fileRef = C90CBF2124E52F2B00F8B705 /* main.m */; };
		C90CBF2B24E532CF00F8B705 /* MainTWebViewController.m in Sources */ = {isa = PBXBuildFile; fileRef = C90CBF2924E532CF00F8B705 /* MainTWebViewController.m */; };
		C90CBF2C24E532CF00F8B705 /* MainTWebViewController.xib in Resources */ = {isa = PBXBuildFile; fileRef = C90CBF2A24E532CF00F8B705 /* MainTWebViewController.xib */; };
/* End PBXBuildFile section */

/* Begin PBXFileReference section */
		C90CBF0C24E52F2600F8B705 /* WebTBrowser.app */ = {isa = PBXFileReference; explicitFileType = wrapper.application; includeInIndex = 0; path = WebTBrowser.app; sourceTree = BUILT_PRODUCTS_DIR; };
		C90CBF0F24E52F2600F8B705 /* AppDelegate.h */ = {isa = PBXFileReference; lastKnownFileType = sourcecode.c.h; path = AppDelegate.h; sourceTree = "<group>"; };
		C90CBF1024E52F2600F8B705 /* AppDelegate.m */ = {isa = PBXFileReference; lastKnownFileType = sourcecode.c.objc; path = AppDelegate.m; sourceTree = "<group>"; };
		C90CBF1224E52F2600F8B705 /* SceneDelegate.h */ = {isa = PBXFileReference; lastKnownFileType = sourcecode.c.h; path = SceneDelegate.h; sourceTree = "<group>"; };
		C90CBF1324E52F2600F8B705 /* SceneDelegate.m */ = {isa = PBXFileReference; lastKnownFileType = sourcecode.c.objc; path = SceneDelegate.m; sourceTree = "<group>"; };
		C90CBF1524E52F2600F8B705 /* ViewController.h */ = {isa = PBXFileReference; lastKnownFileType = sourcecode.c.h; path = ViewController.h; sourceTree = "<group>"; };
		C90CBF1624E52F2600F8B705 /* ViewController.m */ = {isa = PBXFileReference; lastKnownFileType = sourcecode.c.objc; path = ViewController.m; sourceTree = "<group>"; };
		C90CBF1924E52F2600F8B705 /* Base */ = {isa = PBXFileReference; lastKnownFileType = file.storyboard; name = Base; path = Base.lproj/Main.storyboard; sourceTree = "<group>"; };
		C90CBF1B24E52F2B00F8B705 /* Assets.xcassets */ = {isa = PBXFileReference; lastKnownFileType = folder.assetcatalog; path = Assets.xcassets; sourceTree = "<group>"; };
		C90CBF1E24E52F2B00F8B705 /* Base */ = {isa = PBXFileReference; lastKnownFileType = file.storyboard; name = Base; path = Base.lproj/LaunchScreen.storyboard; sourceTree = "<group>"; };
		C90CBF2024E52F2B00F8B705 /* Info.plist */ = {isa = PBXFileReference; lastKnownFileType = text.plist.xml; path = Info.plist; sourceTree = "<group>"; };
		C90CBF2124E52F2B00F8B705 /* main.m */ = {isa = PBXFileReference; lastKnownFileType = sourcecode.c.objc; path = main.m; sourceTree = "<group>"; };
		C90CBF2824E532CF00F8B705 /* MainTWebViewController.h */ = {isa = PBXFileReference; lastKnownFileType = sourcecode.c.h; path = MainTWebViewController.h; sourceTree = "<group>"; };
		C90CBF2924E532CF00F8B705 /* MainTWebViewController.m */ = {isa = PBXFileReference; lastKnownFileType = sourcecode.c.objc; path = MainTWebViewController.m; sourceTree = "<group>"; };
		C90CBF2A24E532CF00F8B705 /* MainTWebViewController.xib */ = {isa = PBXFileReference; lastKnownFileType = file.xib; path = MainTWebViewController.xib; sourceTree = "<group>"; };
/* End PBXFileReference section */

/* Begin PBXFrameworksBuildPhase section */
		C90CBF0924E52F2600F8B705 /* Frameworks */ = {
			isa = PBXFrameworksBuildPhase;
			buildActionMask = 2147483647;
			files = (
			);
			runOnlyForDeploymentPostprocessing = 0;
		};
/* End PBXFrameworksBuildPhase section */

/* Begin PBXGroup section */
		C90CBF0324E52F2600F8B705 = {
			isa = PBXGroup;
			children = (
				C90CBF0E24E52F2600F8B705 /* WebTBrowser */,
				C90CBF0D24E52F2600F8B705 /* Products */,
			);
			sourceTree = "<group>";
		};
		C90CBF0D24E52F2600F8B705 /* Products */ = {
			isa = PBXGroup;
			children = (
				C90CBF0C24E52F2600F8B705 /* WebTBrowser.app */,
			);
			name = Products;
			sourceTree = "<group>";
		};
		C90CBF0E24E52F2600F8B705 /* WebTBrowser */ = {
			isa = PBXGroup;
			children = (
				C90CBF0F24E52F2600F8B705 /* AppDelegate.h */,
				C90CBF1024E52F2600F8B705 /* AppDelegate.m */,
				C90CBF1224E52F2600F8B705 /* SceneDelegate.h */,
				C90CBF1324E52F2600F8B705 /* SceneDelegate.m */,
				C90CBF1524E52F2600F8B705 /* ViewController.h */,
				C90CBF1624E52F2600F8B705 /* ViewController.m */,
				C90CBF1824E52F2600F8B705 /* Main.storyboard */,
				C90CBF1B24E52F2B00F8B705 /* Assets.xcassets */,
				C90CBF1D24E52F2B00F8B705 /* LaunchScreen.storyboard */,
				C90CBF2024E52F2B00F8B705 /* Info.plist */,
				C90CBF2124E52F2B00F8B705 /* main.m */,
				C90CBF2824E532CF00F8B705 /* MainTWebViewController.h */,
				C90CBF2924E532CF00F8B705 /* MainTWebViewController.m */,
				C90CBF2A24E532CF00F8B705 /* MainTWebViewController.xib */,
			);
			path = WebTBrowser;
			sourceTree = "<group>";
		};
/* End PBXGroup section */

/* Begin PBXNativeTarget section */
		C90CBF0B24E52F2600F8B705 /* WebTBrowser */ = {
			isa = PBXNativeTarget;
			buildConfigurationList = C90CBF2524E52F2B00F8B705 /* Build configuration list for PBXNativeTarget "WebTBrowser" */;
			buildPhases = (
				C90CBF0824E52F2600F8B705 /* Sources */,
				C90CBF0924E52F2600F8B705 /* Frameworks */,
				C90CBF0A24E52F2600F8B705 /* Resources */,
			);
			buildRules = (
			);
			dependencies = (
			);
			name = WebTBrowser;
			productName = WebTBrowser;
			productReference = C90CBF0C24E52F2600F8B705 /* WebTBrowser.app */;
			productType = "com.apple.product-type.application";
		};
/* End PBXNativeTarget section */

/* Begin PBXProject section */
		C90CBF0424E52F2600F8B705 /* Project object */ = {
			isa = PBXProject;
			attributes = {
				LastUpgradeCheck = 1160;
				ORGANIZATIONNAME = "Tran Phuoc Hung";
				TargetAttributes = {
					C90CBF0B24E52F2600F8B705 = {
						CreatedOnToolsVersion = 11.6;
					};
				};
			};
			buildConfigurationList = C90CBF0724E52F2600F8B705 /* Build configuration list for PBXProject "WebTBrowser" */;
			compatibilityVersion = "Xcode 9.3";
			developmentRegion = en;
			hasScannedForEncodings = 0;
			knownRegions = (
				en,
				Base,
			);
			mainGroup = C90CBF0324E52F2600F8B705;
			productRefGroup = C90CBF0D24E52F2600F8B705 /* Products */;
			projectDirPath = "";
			projectRoot = "";
			targets = (
				C90CBF0B24E52F2600F8B705 /* WebTBrowser */,
			);
		};
/* End PBXProject section */

/* Begin PBXResourcesBuildPhase section */
		C90CBF0A24E52F2600F8B705 /* Resources */ = {
			isa = PBXResourcesBuildPhase;
			buildActionMask = 2147483647;
			files = (
				C90CBF1F24E52F2B00F8B705 /* LaunchScreen.storyboard in Resources */,
				C90CBF2C24E532CF00F8B705 /* MainTWebViewController.xib in Resources */,
				C90CBF1C24E52F2B00F8B705 /* Assets.xcassets in Resources */,
				C90CBF1A24E52F2600F8B705 /* Main.storyboard in Resources */,
			);
			runOnlyForDeploymentPostprocessing = 0;
		};
/* End PBXResourcesBuildPhase section */

/* Begin PBXSourcesBuildPhase section */
		C90CBF0824E52F2600F8B705 /* Sources */ = {
			isa = PBXSourcesBuildPhase;
			buildActionMask = 2147483647;
			files = (
				C90CBF2B24E532CF00F8B705 /* MainTWebViewController.m in Sources */,
				C90CBF1724E52F2600F8B705 /* ViewController.m in Sources */,
				C90CBF1124E52F2600F8B705 /* AppDelegate.m in Sources */,
				C90CBF2224E52F2B00F8B705 /* main.m in Sources */,
				C90CBF1424E52F2600F8B705 /* SceneDelegate.m in Sources */,
			);
			runOnlyForDeploymentPostprocessing = 0;
		};
/* End PBXSourcesBuildPhase section */

/* Begin PBXVariantGroup section */
		C90CBF1824E52F2600F8B705 /* Main.storyboard */ = {
			isa = PBXVariantGroup;
			children = (
				C90CBF1924E52F2600F8B705 /* Base */,
			);
			name = Main.storyboard;
			sourceTree = "<group>";
		};
		C90CBF1D24E52F2B00F8B705 /* LaunchScreen.storyboard */ = {
			isa = PBXVariantGroup;
			children = (
				C90CBF1E24E52F2B00F8B705 /* Base */,
			);
			name = LaunchScreen.storyboard;
			sourceTree = "<group>";
		};
/* End PBXVariantGroup section */

/* Begin XCBuildConfiguration section */
		C90CBF2324E52F2B00F8B705 /* Debug */ = {
			isa = XCBuildConfiguration;
			buildSettings = {
				ALWAYS_SEARCH_USER_PATHS = NO;
				CLANG_ANALYZER_NONNULL = YES;
				CLANG_ANALYZER_NUMBER_OBJECT_CONVERSION = YES_AGGRESSIVE;
				CLANG_CXX_LANGUAGE_STANDARD = "gnu++14";
				CLANG_CXX_LIBRARY = "libc++";
				CLANG_ENABLE_MODULES = YES;
				CLANG_ENABLE_OBJC_ARC = YES;
				CLANG_ENABLE_OBJC_WEAK = YES;
				CLANG_WARN_BLOCK_CAPTURE_AUTORELEASING = YES;
				CLANG_WARN_BOOL_CONVERSION = YES;
				CLANG_WARN_COMMA = YES;
				CLANG_WARN_CONSTANT_CONVERSION = YES;
				CLANG_WARN_DEPRECATED_OBJC_IMPLEMENTATIONS = YES;
				CLANG_WARN_DIRECT_OBJC_ISA_USAGE = YES_ERROR;
				CLANG_WARN_DOCUMENTATION_COMMENTS = YES;
				CLANG_WARN_EMPTY_BODY = YES;
				CLANG_WARN_ENUM_CONVERSION = YES;
				CLANG_WARN_INFINITE_RECURSION = YES;
				CLANG_WARN_INT_CONVERSION = YES;
				CLANG_WARN_NON_LITERAL_NULL_CONVERSION = YES;
				CLANG_WARN_OBJC_IMPLICIT_RETAIN_SELF = YES;
				CLANG_WARN_OBJC_LITERAL_CONVERSION = YES;
				CLANG_WARN_OBJC_ROOT_CLASS = YES_ERROR;
				CLANG_WARN_RANGE_LOOP_ANALYSIS = YES;
				CLANG_WARN_STRICT_PROTOTYPES = YES;
				CLANG_WARN_SUSPICIOUS_MOVE = YES;
				CLANG_WARN_UNGUARDED_AVAILABILITY = YES_AGGRESSIVE;
				CLANG_WARN_UNREACHABLE_CODE = YES;
				CLANG_WARN__DUPLICATE_METHOD_MATCH = YES;
				COPY_PHASE_STRIP = NO;
				DEBUG_INFORMATION_FORMAT = dwarf;
				ENABLE_STRICT_OBJC_MSGSEND = YES;
				ENABLE_TESTABILITY = YES;
				GCC_C_LANGUAGE_STANDARD = gnu11;
				GCC_DYNAMIC_NO_PIC = NO;
				GCC_NO_COMMON_BLOCKS = YES;
				GCC_OPTIMIZATION_LEVEL = 0;
				GCC_PREPROCESSOR_DEFINITIONS = (
					"DEBUG=1",
					"$(inherited)",
				);
				GCC_WARN_64_TO_32_BIT_CONVERSION = YES;
				GCC_WARN_ABOUT_RETURN_TYPE = YES_ERROR;
				GCC_WARN_UNDECLARED_SELECTOR = YES;
				GCC_WARN_UNINITIALIZED_AUTOS = YES_AGGRESSIVE;
				GCC_WARN_UNUSED_FUNCTION = YES;
				GCC_WARN_UNUSED_VARIABLE = YES;
				IPHONEOS_DEPLOYMENT_TARGET = 13.6;
				MTL_ENABLE_DEBUG_INFO = INCLUDE_SOURCE;
				MTL_FAST_MATH = YES;
				ONLY_ACTIVE_ARCH = YES;
				SDKROOT = iphoneos;
			};
			name = Debug;
		};
		C90CBF2424E52F2B00F8B705 /* Release */ = {
			isa = XCBuildConfiguration;
			buildSettings = {
				ALWAYS_SEARCH_USER_PATHS = NO;
				CLANG_ANALYZER_NONNULL = YES;
				CLANG_ANALYZER_NUMBER_OBJECT_CONVERSION = YES_AGGRESSIVE;
				CLANG_CXX_LANGUAGE_STANDARD = "gnu++14";
				CLANG_CXX_LIBRARY = "libc++";
				CLANG_ENABLE_MODULES = YES;
				CLANG_ENABLE_OBJC_ARC = YES;
				CLANG_ENABLE_OBJC_WEAK = YES;
				CLANG_WARN_BLOCK_CAPTURE_AUTORELEASING = YES;
				CLANG_WARN_BOOL_CONVERSION = YES;
				CLANG_WARN_COMMA = YES;
				CLANG_WARN_CONSTANT_CONVERSION = YES;
				CLANG_WARN_DEPRECATED_OBJC_IMPLEMENTATIONS = YES;
				CLANG_WARN_DIRECT_OBJC_ISA_USAGE = YES_ERROR;
				CLANG_WARN_DOCUMENTATION_COMMENTS = YES;
				CLANG_WARN_EMPTY_BODY = YES;
				CLANG_WARN_ENUM_CONVERSION = YES;
				CLANG_WARN_INFINITE_RECURSION = YES;
				CLANG_WARN_INT_CONVERSION = YES;
				CLANG_WARN_NON_LITERAL_NULL_CONVERSION = YES;
				CLANG_WARN_OBJC_IMPLICIT_RETAIN_SELF = YES;
				CLANG_WARN_OBJC_LITERAL_CONVERSION = YES;
				CLANG_WARN_OBJC_ROOT_CLASS = YES_ERROR;
				CLANG_WARN_RANGE_LOOP_ANALYSIS = YES;
				CLANG_WARN_STRICT_PROTOTYPES = YES;
				CLANG_WARN_SUSPICIOUS_MOVE = YES;
				CLANG_WARN_UNGUARDED_AVAILABILITY = YES_AGGRESSIVE;
				CLANG_WARN_UNREACHABLE_CODE = YES;
				CLANG_WARN__DUPLICATE_METHOD_MATCH = YES;
				COPY_PHASE_STRIP = NO;
				DEBUG_INFORMATION_FORMAT = "dwarf-with-dsym";
				ENABLE_NS_ASSERTIONS = NO;
				ENABLE_STRICT_OBJC_MSGSEND = YES;
				GCC_C_LANGUAGE_STANDARD = gnu11;
				GCC_NO_COMMON_BLOCKS = YES;
				GCC_WARN_64_TO_32_BIT_CONVERSION = YES;
				GCC_WARN_ABOUT_RETURN_TYPE = YES_ERROR;
				GCC_WARN_UNDECLARED_SELECTOR = YES;
				GCC_WARN_UNINITIALIZED_AUTOS = YES_AGGRESSIVE;
				GCC_WARN_UNUSED_FUNCTION = YES;
				GCC_WARN_UNUSED_VARIABLE = YES;
				IPHONEOS_DEPLOYMENT_TARGET = 13.6;
				MTL_ENABLE_DEBUG_INFO = NO;
				MTL_FAST_MATH = YES;
				SDKROOT = iphoneos;
				VALIDATE_PRODUCT = YES;
			};
			name = Release;
		};
		C90CBF2624E52F2B00F8B705 /* Debug */ = {
			isa = XCBuildConfiguration;
			buildSettings = {
				ASSETCATALOG_COMPILER_APPICON_NAME = AppIcon;
				CODE_SIGN_STYLE = Automatic;
				DEVELOPMENT_TEAM = N9T24KGYC4;
				INFOPLIST_FILE = WebTBrowser/Info.plist;
				LD_RUNPATH_SEARCH_PATHS = (
					"$(inherited)",
					"@executable_path/Frameworks",
				);
				PRODUCT_BUNDLE_IDENTIFIER = com.freesoft.WebTBrowser;
				PRODUCT_NAME = "$(TARGET_NAME)";
				TARGETED_DEVICE_FAMILY = "1,2";
			};
			name = Debug;
		};
		C90CBF2724E52F2B00F8B705 /* Release */ = {
			isa = XCBuildConfiguration;
			buildSettings = {
				ASSETCATALOG_COMPILER_APPICON_NAME = AppIcon;
				CODE_SIGN_STYLE = Automatic;
				DEVELOPMENT_TEAM = N9T24KGYC4;
				INFOPLIST_FILE = WebTBrowser/Info.plist;
				LD_RUNPATH_SEARCH_PATHS = (
					"$(inherited)",
					"@executable_path/Frameworks",
				);
				PRODUCT_BUNDLE_IDENTIFIER = com.freesoft.WebTBrowser;
				PRODUCT_NAME = "$(TARGET_NAME)";
				TARGETED_DEVICE_FAMILY = "1,2";
			};
			name = Release;
		};
/* End XCBuildConfiguration section */

/* Begin XCConfigurationList section */
		C90CBF0724E52F2600F8B705 /* Build configuration list for PBXProject "WebTBrowser" */ = {
			isa = XCConfigurationList;
			buildConfigurations = (
				C90CBF2324E52F2B00F8B705 /* Debug */,
				C90CBF2424E52F2B00F8B705 /* Release */,
			);
			defaultConfigurationIsVisible = 0;
			defaultConfigurationName = Release;
		};
		C90CBF2524E52F2B00F8B705 /* Build configuration list for PBXNativeTarget "WebTBrowser" */ = {
			isa = XCConfigurationList;
			buildConfigurations = (
				C90CBF2624E52F2B00F8B705 /* Debug */,
				C90CBF2724E52F2B00F8B705 /* Release */,
			);
			defaultConfigurationIsVisible = 0;
			defaultConfigurationName = Release;
		};
/* End XCConfigurationList section */
	};
	rootObject = C90CBF0424E52F2600F8B705 /* Project object */;
}
